
Microsoft Visual Studio Solution File, Format Version 12.00
# Visual Studio Version 16
VisualStudioVersion = 16.0.30114.105
MinimumVisualStudioVersion = 10.0.40219.1
Project("{FAE04EC0-301F-11D3-BF4B-00C04F79EFBC}") = "OkOk", "OkOk\OkOk.csproj", "{A570CE7A-5A60-4D49-8412-242AACF869D4}"
EndProject
Project("{FAE04EC0-301F-11D3-BF4B-00C04F79EFBC}") = "OkOkTest", "OkOkTest\OkOkTest.csproj", "{70C44A60-DCB0-4713-A59E-2244A9660317}"
EndProject
Global
	GlobalSection(SolutionConfigurationPlatforms) = preSolution
		Debug|Any CPU = Debug|Any CPU
		Release|Any CPU = Release|Any CPU
	EndGlobalSection
	GlobalSection(SolutionProperties) = preSolution
		HideSolutionNode = FALSE
	EndGlobalSection
	GlobalSection(ProjectConfigurationPlatforms) = postSolution
		{A570CE7A-5A60-4D49-8412-242AACF869D4}.Debug|Any CPU.ActiveCfg = Debug|Any CPU
		{A570CE7A-5A60-4D49-8412-242AACF869D4}.Debug|Any CPU.Build.0 = Debug|Any CPU
		{A570CE7A-5A60-4D49-8412-242AACF869D4}.Release|Any CPU.ActiveCfg = Release|Any CPU
		{A570CE7A-5A60-4D49-8412-242AACF869D4}.Release|Any CPU.Build.0 = Release|Any CPU
		{70C44A60-DCB0-4713-A59E-2244A9660317}.Debug|Any CPU.ActiveCfg = Debug|Any CPU
		{70C44A60-DCB0-4713-A59E-2244A9660317}.Debug|Any CPU.Build.0 = Debug|Any CPU
		{70C44A60-DCB0-4713-A59E-2244A9660317}.Release|Any CPU.ActiveCfg = Release|Any CPU
		{70C44A60-DCB0-4713-A59E-2244A9660317}.Release|Any CPU.Build.0 = Release|Any CPU
	EndGlobalSection
EndGlobal
